<?xml version="1.0" encoding="utf-8"?>
<Project ToolsVersion="4.0" xmlns="http://schemas.microsoft.com/developer/msbuild/2003">
  <ItemGroup>
    <Filter Include="Source Files">
      <UniqueIdentifier>{4FC737F1-C7A5-4376-A066-2A32D752A2FF}</UniqueIdentifier>
      <Extensions>cpp;c;cc;cxx;c++;cppm;ixx;def;odl;idl;hpj;bat;asm;asmx</Extensions>
    </Filter>
    <Filter Include="Header Files">
      <UniqueIdentifier>{93995380-89BD-4b04-88EB-625FBE52EBFB}</UniqueIdentifier>
      <Extensions>h;hh;hpp;hxx;h++;hm;inl;inc;ipp;xsd</Extensions>
    </Filter>
    <Filter Include="Resource Files">
      <UniqueIdentifier>{67DA6AB6-F800-4c08-8B7A-83BB121AAD01}</UniqueIdentifier>
      <Extensions>rc;ico;cur;bmp;dlg;rc2;rct;bin;rgs;gif;jpg;jpeg;jpe;resx;tiff;tif;png;wav;mfcribbon-ms</Extensions>
    </Filter>
  </ItemGroup>
  <ItemGroup>
    <ClCompile Include="Projectile.cpp">
      <Filter>Source Files</Filter>
    </ClCompile>
    <ClCompile Include="Enemy.cpp">
      <Filter>Source Files</Filter>
    </ClCompile>
    <ClCompile Include="Character.cpp">
      <Filter>Source Files</Filter>
    </ClCompile>
    <ClCompile Include="ParaTrooper.cpp">
      <Filter>Source Files</Filter>
    </ClCompile>
    <ClCompile Include="InteractableObject.cpp">
      <Filter>Source Files</Filter>
    </ClCompile>
    <ClCompile Include="DevMode.cpp">
      <Filter>Source Files</Filter>
    </ClCompile>
    <ClCompile Include="Animation.cpp">
      <Filter>Source Files</Filter>
    </ClCompile>
    <ClCompile Include="EnemyVehicle.cpp">
      <Filter>Source Files</Filter>
    </ClCompile>
    <ClCompile Include="CowardiceReserve.cpp">
      <Filter>Source Files</Filter>
    </ClCompile>
    <ClCompile Include="GrudgeRegistry.cpp">
      <Filter>Source Files</Filter>
    </ClCompile>
    <ClCompile Include="Vehicle.cpp">
      <Filter>Source Files</Filter>
    </ClCompile>
    <ClCompile Include="NoiseProfile.cpp">
      <Filter>Source Files</Filter>
    </ClCompile>
    <ClCompile Include="Boss.cpp">
      <Filter>Source Files</Filter>
    </ClCompile>
    <ClCompile Include="EchoChambers.cpp">
      <Filter>Source Files</Filter>
    </ClCompile>
    <ClCompile Include="25I-0555_25I-1034_main.cpp">
      <Filter>Source Files</Filter>
    </ClCompile>
    <ClCompile Include="GameStateManager.cpp">
      <Filter>Source Files</Filter>
    </ClCompile>
    <ClCompile Include="Weapon.cpp">
      <Filter>Source Files</Filter>
    </ClCompile>
    <ClCompile Include="TransformationState.cpp">
      <Filter>Source Files</Filter>
    </ClCompile>
    <ClCompile Include="Scoring_Bonuses.cpp">
      <Filter>Source Files</Filter>
    </ClCompile>
    <ClCompile Include="RainSystem.cpp">
      <Filter>Source Files</Filter>
    </ClCompile>
    <ClCompile Include="Level.cpp">
      <Filter>Source Files</Filter>
    </ClCompile>
    <ClCompile Include="Game.cpp">
      <Filter>Source Files</Filter>
    </ClCompile>
    <ClCompile Include="EntityManager.cpp">
      <Filter>Source Files</Filter>
    </ClCompile>
    <ClCompile Include="Entity.cpp">
      <Filter>Source Files</Filter>
    </ClCompile>
    <ClCompile Include="DamagableEntity.cpp">
      <Filter>Source Files</Filter>
    </ClCompile>
    <ClCompile Include="Collectible.cpp">
      <Filter>Source Files</Filter>
    </ClCompile>
    <ClCompile Include="VoiceBeneGesserit.cpp">
      <Filter>Source Files</Filter>
    </ClCompile>
  </ItemGroup>
  <ItemGroup>
    <ClInclude Include="Game.h">
      <Filter>Resource Files</Filter>
    </ClInclude>
    <ClInclude Include="Level.h">
      <Filter>Resource Files</Filter>
    </ClInclude>
    <ClInclude Include="Weapon.h">
      <Filter>Resource Files</Filter>
    </ClInclude>
    <ClInclude Include="Character.h">
      <Filter>Resource Files</Filter>
    </ClInclude>
    <ClInclude Include="Enemy.h">
      <Filter>Resource Files</Filter>
    </ClInclude>
    <ClInclude Include="Projectile.h">
      <Filter>Resource Files</Filter>
    </ClInclude>
    <ClInclude Include="ParaTrooper.h">
      <Filter>Header Files</Filter>
    </ClInclude>
    <ClInclude Include="Entity.h">
      <Filter>Header Files</Filter>
    </ClInclude>
    <ClInclude Include="DamagableEntity.h">
      <Filter>Header Files</Filter>
    </ClInclude>
    <ClInclude Include="TransformationState.h">
      <Filter>Header Files</Filter>
    </ClInclude>
    <ClInclude Include="EnemyAIState.h">
      <Filter>Header Files</Filter>
    </ClInclude>
    <ClInclude Include="GameState.h">
      <Filter>Header Files</Filter>
    </ClInclude>
    <ClInclude Include="GameStateManager.h">
      <Filter>Header Files</Filter>
    </ClInclude>
    <ClInclude Include="EntityManager.h">
      <Filter>Header Files</Filter>
    </ClInclude>
    <ClInclude Include="LevelManager.h">
      <Filter>Header Files</Filter>
    </ClInclude>
    <ClInclude Include="Collectible.h">
      <Filter>Header Files</Filter>
    </ClInclude>
    <ClInclude Include="InteractableObject.h">
      <Filter>Header Files</Filter>
    </ClInclude>
    <ClInclude Include="RainSystem.h">
      <Filter>Header Files</Filter>
    </ClInclude>
    <ClInclude Include="DevMode.h">
      <Filter>Header Files</Filter>
    </ClInclude>
    <ClInclude Include="Animation.h">
      <Filter>Header Files</Filter>
    </ClInclude>
    <ClInclude Include="EnemyVehicle.h">
      <Filter>Header Files</Filter>
    </ClInclude>
    <ClInclude Include="EchoChambers.h">
      <Filter>Header Files</Filter>
    </ClInclude>
    <ClInclude Include="CowardiceReserve.h">
      <Filter>Header Files</Filter>
    </ClInclude>
    <ClInclude Include="GrudgeRegistry.h">
      <Filter>Header Files</Filter>
    </ClInclude>
    <ClInclude Include="Vehicle.h">
      <Filter>Header Files</Filter>
    </ClInclude>
    <ClInclude Include="NoiseProfile.h">
      <Filter>Header Files</Filter>
    </ClInclude>
    <ClInclude Include="Boss.h">
      <Filter>Resource Files</Filter>
    </ClInclude>
    <ClInclude Include="VoiceBeneGesserit.h">
      <Filter>Header Files</Filter>
    </ClInclude>
    <ClInclude Include="Scoring_Bonuses.h">
      <Filter>Header Files</Filter>
    </ClInclude>
  </ItemGroup>
</Project>